
Microsoft Visual Studio Solution File, Format Version 12.00
# Visual Studio Version 17
VisualStudioVersion = 17.9.34723.18
MinimumVisualStudioVersion = 10.0.40219.1
Project("{FAE04EC0-301F-11D3-BF4B-00C04F79EFBC}") = "Labb 2 - Bildtjänster i Azure AI", "Labb 2 - Bildtjänster i Azure AI\Labb 2 - Bildtjänster i Azure AI.csproj", "{6A1ABEF2-38DC-4894-94B4-E66848C043FB}"
EndProject
Global
	GlobalSection(SolutionConfigurationPlatforms) = preSolution
		Debug|Any CPU = Debug|Any CPU
		Release|Any CPU = Release|Any CPU
	EndGlobalSection
	GlobalSection(ProjectConfigurationPlatforms) = postSolution
		{6A1ABEF2-38DC-4894-94B4-E66848C043FB}.Debug|Any CPU.ActiveCfg = Debug|Any CPU
		{6A1ABEF2-38DC-4894-94B4-E66848C043FB}.Debug|Any CPU.Build.0 = Debug|Any CPU
		{6A1ABEF2-38DC-4894-94B4-E66848C043FB}.Release|Any CPU.ActiveCfg = Release|Any CPU
		{6A1ABEF2-38DC-4894-94B4-E66848C043FB}.Release|Any CPU.Build.0 = Release|Any CPU
	EndGlobalSection
	GlobalSection(SolutionProperties) = preSolution
		HideSolutionNode = FALSE
	EndGlobalSection
	GlobalSection(ExtensibilityGlobals) = postSolution
		SolutionGuid = {814485F8-6D2C-4900-9A4B-3A43972E7A9D}
	EndGlobalSection
EndGlobal
